
Microsoft Visual Studio Solution File, Format Version 12.00
# Visual Studio Version 17
VisualStudioVersion = 17.7.34009.444
MinimumVisualStudioVersion = 10.0.40219.1
Project("{FAE04EC0-301F-11D3-BF4B-00C04F79EFBC}") = "tarea", "tarea\tarea.csproj", "{011A43DF-229D-4722-A3DB-44E3E2B0897A}"
EndProject
Project("{FAE04EC0-301F-11D3-BF4B-00C04F79EFBC}") = "InvertirPalabra", "InvertirPalabra\InvertirPalabra.csproj", "{CFD7B364-CDA6-497A-8C0F-0431F710AA87}"
EndProject
Project("{FAE04EC0-301F-11D3-BF4B-00C04F79EFBC}") = "soporteTec", "soporteTec\soporteTec.csproj", "{0FF10B85-37E6-4896-8968-EFCCAB484C5C}"
EndProject
Global
	GlobalSection(SolutionConfigurationPlatforms) = preSolution
		Debug|Any CPU = Debug|Any CPU
		Release|Any CPU = Release|Any CPU
	EndGlobalSection
	GlobalSection(ProjectConfigurationPlatforms) = postSolution
		{011A43DF-229D-4722-A3DB-44E3E2B0897A}.Debug|Any CPU.ActiveCfg = Debug|Any CPU
		{011A43DF-229D-4722-A3DB-44E3E2B0897A}.Debug|Any CPU.Build.0 = Debug|Any CPU
		{011A43DF-229D-4722-A3DB-44E3E2B0897A}.Release|Any CPU.ActiveCfg = Release|Any CPU
		{011A43DF-229D-4722-A3DB-44E3E2B0897A}.Release|Any CPU.Build.0 = Release|Any CPU
		{CFD7B364-CDA6-497A-8C0F-0431F710AA87}.Debug|Any CPU.ActiveCfg = Debug|Any CPU
		{CFD7B364-CDA6-497A-8C0F-0431F710AA87}.Debug|Any CPU.Build.0 = Debug|Any CPU
		{CFD7B364-CDA6-497A-8C0F-0431F710AA87}.Release|Any CPU.ActiveCfg = Release|Any CPU
		{CFD7B364-CDA6-497A-8C0F-0431F710AA87}.Release|Any CPU.Build.0 = Release|Any CPU
		{0FF10B85-37E6-4896-8968-EFCCAB484C5C}.Debug|Any CPU.ActiveCfg = Debug|Any CPU
		{0FF10B85-37E6-4896-8968-EFCCAB484C5C}.Debug|Any CPU.Build.0 = Debug|Any CPU
		{0FF10B85-37E6-4896-8968-EFCCAB484C5C}.Release|Any CPU.ActiveCfg = Release|Any CPU
		{0FF10B85-37E6-4896-8968-EFCCAB484C5C}.Release|Any CPU.Build.0 = Release|Any CPU
	EndGlobalSection
	GlobalSection(SolutionProperties) = preSolution
		HideSolutionNode = FALSE
	EndGlobalSection
	GlobalSection(ExtensibilityGlobals) = postSolution
		SolutionGuid = {310BC2A0-D838-4510-BAA2-45EFEF8D6783}
	EndGlobalSection
EndGlobal
